
Microsoft Visual Studio Solution File, Format Version 12.00
# Visual Studio 15
VisualStudioVersion = 15.0.28307.960
MinimumVisualStudioVersion = 10.0.40219.1
Project("{FAE04EC0-301F-11D3-BF4B-00C04F79EFBC}") = "NCScanner", "NCScanner\NCScanner.csproj", "{9CF03C57-BF39-43F8-93E5-62889426A8C9}"
EndProject
Global
	GlobalSection(SolutionConfigurationPlatforms) = preSolution
		Debug|Any CPU = Debug|Any CPU
		Release|Any CPU = Release|Any CPU
	EndGlobalSection
	GlobalSection(ProjectConfigurationPlatforms) = postSolution
		{9CF03C57-BF39-43F8-93E5-62889426A8C9}.Debug|Any CPU.ActiveCfg = Debug|Any CPU
		{9CF03C57-BF39-43F8-93E5-62889426A8C9}.Debug|Any CPU.Build.0 = Debug|Any CPU
		{9CF03C57-BF39-43F8-93E5-62889426A8C9}.Release|Any CPU.ActiveCfg = Release|Any CPU
		{9CF03C57-BF39-43F8-93E5-62889426A8C9}.Release|Any CPU.Build.0 = Release|Any CPU
	EndGlobalSection
	GlobalSection(SolutionProperties) = preSolution
		HideSolutionNode = FALSE
	EndGlobalSection
	GlobalSection(ExtensibilityGlobals) = postSolution
		SolutionGuid = {6B94F80D-DFF2-463B-BEBF-470693F1FFEC}
	EndGlobalSection
EndGlobal
